
Microsoft Visual Studio Solution File, Format Version 11.00
# Visual Studio 2010
Project("{8BC9CEB8-8B4A-11D0-8D11-00A0C91BC942}") = "Townsend_KendallHw07", "Townsend_KendallHw07.vcxproj", "{14F9FDF2-5C00-43F4-892E-4D433400D8B5}"
EndProject
Global
	GlobalSection(SolutionConfigurationPlatforms) = preSolution
		Debug|Win32 = Debug|Win32
		Release|Win32 = Release|Win32
	EndGlobalSection
	GlobalSection(ProjectConfigurationPlatforms) = postSolution
		{14F9FDF2-5C00-43F4-892E-4D433400D8B5}.Debug|Win32.ActiveCfg = Debug|Win32
		{14F9FDF2-5C00-43F4-892E-4D433400D8B5}.Debug|Win32.Build.0 = Debug|Win32
		{14F9FDF2-5C00-43F4-892E-4D433400D8B5}.Release|Win32.ActiveCfg = Release|Win32
		{14F9FDF2-5C00-43F4-892E-4D433400D8B5}.Release|Win32.Build.0 = Release|Win32
	EndGlobalSection
	GlobalSection(SolutionProperties) = preSolution
		HideSolutionNode = FALSE
	EndGlobalSection
EndGlobal
