
Microsoft Visual Studio Solution File, Format Version 11.00
# Visual Studio 2010
Project("{8BC9CEB8-8B4A-11D0-8D11-00A0C91BC942}") = "Townsend_KendallProject2_3", "Townsend_KendallProject2_3.vcxproj", "{805DECF9-578E-4DEC-846E-66A9F141789D}"
EndProject
Global
	GlobalSection(SolutionConfigurationPlatforms) = preSolution
		Debug|Win32 = Debug|Win32
		Release|Win32 = Release|Win32
	EndGlobalSection
	GlobalSection(ProjectConfigurationPlatforms) = postSolution
		{805DECF9-578E-4DEC-846E-66A9F141789D}.Debug|Win32.ActiveCfg = Debug|Win32
		{805DECF9-578E-4DEC-846E-66A9F141789D}.Debug|Win32.Build.0 = Debug|Win32
		{805DECF9-578E-4DEC-846E-66A9F141789D}.Release|Win32.ActiveCfg = Release|Win32
		{805DECF9-578E-4DEC-846E-66A9F141789D}.Release|Win32.Build.0 = Release|Win32
	EndGlobalSection
	GlobalSection(SolutionProperties) = preSolution
		HideSolutionNode = FALSE
	EndGlobalSection
EndGlobal
