
Microsoft Visual Studio Solution File, Format Version 11.00
# Visual Studio 2010
Project("{8BC9CEB8-8B4A-11D0-8D11-00A0C91BC942}") = "Townsend_KendallProject1C", "Townsend_KendallProject1C.vcxproj", "{CF8C55B4-548B-452D-82C9-F2FD29D32C07}"
EndProject
Global
	GlobalSection(SolutionConfigurationPlatforms) = preSolution
		Debug|Win32 = Debug|Win32
		Release|Win32 = Release|Win32
	EndGlobalSection
	GlobalSection(ProjectConfigurationPlatforms) = postSolution
		{CF8C55B4-548B-452D-82C9-F2FD29D32C07}.Debug|Win32.ActiveCfg = Debug|Win32
		{CF8C55B4-548B-452D-82C9-F2FD29D32C07}.Debug|Win32.Build.0 = Debug|Win32
		{CF8C55B4-548B-452D-82C9-F2FD29D32C07}.Release|Win32.ActiveCfg = Release|Win32
		{CF8C55B4-548B-452D-82C9-F2FD29D32C07}.Release|Win32.Build.0 = Release|Win32
	EndGlobalSection
	GlobalSection(SolutionProperties) = preSolution
		HideSolutionNode = FALSE
	EndGlobalSection
EndGlobal
