
Microsoft Visual Studio Solution File, Format Version 11.00
# Visual Studio 2010
Project("{8BC9CEB8-8B4A-11D0-8D11-00A0C91BC942}") = "Townsend_KendallProject4_1", "Townsend_KendallProject4_1.vcxproj", "{9EA75F0A-24D3-4CBA-835B-79E498212D67}"
EndProject
Global
	GlobalSection(SolutionConfigurationPlatforms) = preSolution
		Debug|Win32 = Debug|Win32
		Release|Win32 = Release|Win32
	EndGlobalSection
	GlobalSection(ProjectConfigurationPlatforms) = postSolution
		{9EA75F0A-24D3-4CBA-835B-79E498212D67}.Debug|Win32.ActiveCfg = Debug|Win32
		{9EA75F0A-24D3-4CBA-835B-79E498212D67}.Debug|Win32.Build.0 = Debug|Win32
		{9EA75F0A-24D3-4CBA-835B-79E498212D67}.Release|Win32.ActiveCfg = Release|Win32
		{9EA75F0A-24D3-4CBA-835B-79E498212D67}.Release|Win32.Build.0 = Release|Win32
	EndGlobalSection
	GlobalSection(SolutionProperties) = preSolution
		HideSolutionNode = FALSE
	EndGlobalSection
EndGlobal
