
Microsoft Visual Studio Solution File, Format Version 11.00
# Visual Studio 2010
Project("{8BC9CEB8-8B4A-11D0-8D11-00A0C91BC942}") = "Townsend_KendallLab12", "Townsend_KendallLab12.vcxproj", "{45080FE5-43D4-41CE-B035-55DD595DFEDC}"
EndProject
Global
	GlobalSection(SolutionConfigurationPlatforms) = preSolution
		Debug|Win32 = Debug|Win32
		Release|Win32 = Release|Win32
	EndGlobalSection
	GlobalSection(ProjectConfigurationPlatforms) = postSolution
		{45080FE5-43D4-41CE-B035-55DD595DFEDC}.Debug|Win32.ActiveCfg = Debug|Win32
		{45080FE5-43D4-41CE-B035-55DD595DFEDC}.Debug|Win32.Build.0 = Debug|Win32
		{45080FE5-43D4-41CE-B035-55DD595DFEDC}.Release|Win32.ActiveCfg = Release|Win32
		{45080FE5-43D4-41CE-B035-55DD595DFEDC}.Release|Win32.Build.0 = Release|Win32
	EndGlobalSection
	GlobalSection(SolutionProperties) = preSolution
		HideSolutionNode = FALSE
	EndGlobalSection
EndGlobal
